# This file is autogenerated, do not edit; changes may be undone by the next 'dep ensure'.


[[projects]]
  digest = "1:c5df3a7b173c2d0f8f8dff4afb67f6f9b16a27f20f30eae421b475b654950193"
  name = "github.com/Shopify/sarama"
  packages = ["."]
  pruneopts = ""
  revision = "b3a812117be917e2dd4f8cbcf4ff861e3ae7ef38"
  version = "v1.26.1"

[[projects]]
  branch = "master"
  digest = "1:a74730e052a45a3fab1d310fdef2ec17ae3d6af16228421e238320846f2aaec8"
  name = "github.com/alecthomas/template"
  packages = [
    ".",
    "parse",
  ]
  pruneopts = ""
  revision = "a0175ee3bccc567396460bf5acd36800cb10c49c"

[[projects]]
  branch = "master"
  digest = "1:8483994d21404c8a1d489f6be756e25bfccd3b45d65821f25695577791a08e68"
  name = "github.com/alecthomas/units"
  packages = ["."]
  pruneopts = ""
  revision = "2efee857e7cfd4f3d0138cc3cbb1b4966962b93a"

[[projects]]
  branch = "master"
  digest = "1:c0bec5f9b98d0bc872ff5e834fac186b807b656683bd29cb82fb207a1513fabb"
  name = "github.com/beorn7/perks"
  packages = ["quantile"]
  pruneopts = ""
  revision = "3a771d992973f24aa725d07868b467d1ddfceafb"

[[projects]]
  digest = "1:0deddd908b6b4b768cfc272c16ee61e7088a60f7fe2f06c547bd3d8e1f8b8e77"
  name = "github.com/davecgh/go-spew"
  packages = ["spew"]
  pruneopts = ""
  revision = "8991bc29aa16c548c550c7ff78260e27b9ab7c73"
  version = "v1.1.1"

[[projects]]
  digest = "1:6d6672f85a84411509885eaa32f597577873de00e30729b9bb0eb1e1faa49c12"
  name = "github.com/eapache/go-resiliency"
  packages = ["breaker"]
  pruneopts = ""
  revision = "ea41b0fad31007accc7f806884dcdf3da98b79ce"
  version = "v1.1.0"

[[projects]]
  branch = "master"
  digest = "1:6643c01e619a68f80ac12ad81223275df653528c6d7e3788291c1fd6f1d622f6"
  name = "github.com/eapache/go-xerial-snappy"
  packages = ["."]
  pruneopts = ""
  revision = "776d5712da21bc4762676d614db1d8a64f4238b0"

[[projects]]
  digest = "1:d8d46d21073d0f65daf1740ebf4629c65e04bf92e14ce93c2201e8624843c3d3"
  name = "github.com/eapache/queue"
  packages = ["."]
  pruneopts = ""
  revision = "44cc805cf13205b55f69e14bcb69867d1ae92f98"
  version = "v1.1.0"

[[projects]]
  digest = "1:3dd078fda7500c341bc26cfbc6c6a34614f295a2457149fc1045cab767cbcf18"
  name = "github.com/golang/protobuf"
  packages = ["proto"]
  pruneopts = ""
  revision = "aa810b61a9c79d51363740d207bb46cf8e620ed5"
  version = "v1.2.0"

[[projects]]
  branch = "master"
  digest = "1:2a5888946cdbc8aa360fd43301f9fc7869d663f60d5eedae7d4e6e5e4f06f2bf"
  name = "github.com/golang/snappy"
  packages = ["."]
  pruneopts = ""
  revision = "2e65f85255dbc3072edf28d6b5b8efc472979f5a"

[[projects]]
  digest = "1:d5e928ff735d055c7756e420d2bca5ec8a129fbc738c9f3fa43b65b67426c41a"
  name = "github.com/hashicorp/go-uuid"
  packages = ["."]
  pruneopts = ""
  revision = "6195a4f20692188e0a389def25559731d1e130f9"
  version = "v1.0.2"

[[projects]]
  digest = "1:d45477e90c25c8c6d7d4237281167aa56079382fc042db4b44a8328071649bfa"
  name = "github.com/jcmturner/gofork"
  packages = [
    "encoding/asn1",
    "x/crypto/pbkdf2",
  ]
  pruneopts = ""
  revision = "dc7c13fece037a4a36e2b3c69db4991498d30692"
  version = "v1.0.0"

[[projects]]
  digest = "1:eb0bbb88a33a9c278221683bf9bd604b0b2906d6d647e19332a1afd0dfd33cbf"
  name = "github.com/klauspost/compress"
  packages = [
    "fse",
    "huff0",
    "snappy",
    "zstd",
    "zstd/internal/xxhash",
  ]
  pruneopts = ""
  revision = "e2d2089232ece4911272106ae65a7a06746ea38a"
  version = "v1.10.4"

[[projects]]
  digest = "1:6a874e3ddfb9db2b42bd8c85b6875407c702fa868eed20634ff489bc896ccfd3"
  name = "github.com/konsorten/go-windows-terminal-sequences"
  packages = ["."]
  pruneopts = ""
  revision = "5c8c8bd35d3832f5d134ae1e1e375b69a4d25242"
  version = "v1.0.1"

[[projects]]
  branch = "master"
  digest = "1:ccd8e8fab89d42bda8e5450de1af25bc50a3db183ef67f543d204d521c8b1a21"
  name = "github.com/krallistic/kazoo-go"
  packages = ["."]
  pruneopts = ""
  revision = "a15279744f4e4a136cc4251ca8be36fc00798f2c"

[[projects]]
  digest = "1:63722a4b1e1717be7b98fc686e0b30d5e7f734b9e93d7dee86293b6deab7ea28"
  name = "github.com/matttproud/golang_protobuf_extensions"
  packages = ["pbutil"]
  pruneopts = ""
  revision = "c12348ce28de40eed0136aa2b644d0ee0650e56c"
  version = "v1.0.1"

[[projects]]
  digest = "1:b1df71d0b2287062b90c6b4c8d3c934440aa0d2eb201d03f22be0f045860b4aa"
  name = "github.com/pierrec/lz4"
  packages = [
    ".",
    "internal/xxh32",
  ]
  pruneopts = ""
  revision = "635575b42742856941dbc767b44905bb9ba083f6"
  version = "v2.0.7"

[[projects]]
  digest = "1:4142d94383572e74b42352273652c62afec5b23f325222ed09198f46009022d1"
  name = "github.com/prometheus/client_golang"
  packages = [
    "prometheus",
    "prometheus/promhttp",
  ]
  pruneopts = ""
  revision = "c5b7fccd204277076155f10851dad72b76a49317"
  version = "v0.8.0"

[[projects]]
  branch = "master"
  digest = "1:185cf55b1f44a1bf243558901c3f06efa5c64ba62cfdcbb1bf7bbe8c3fb68561"
  name = "github.com/prometheus/client_model"
  packages = ["go"]
  pruneopts = ""
  revision = "5c3871d89910bfb32f5fcab2aa4b9ec68e65a99f"

[[projects]]
  branch = "master"
  digest = "1:17b528401ba33dbf39182f9e146f73708712cc7ca117b97530c6c4e4599bb9c8"
  name = "github.com/prometheus/common"
  packages = [
    "expfmt",
    "internal/bitbucket.org/ww/goautoneg",
    "log",
    "model",
    "version",
  ]
  pruneopts = ""
  revision = "1f2c4f3cd6db5fd6f68f36af6b6d5d936fd93c4e"

[[projects]]
  branch = "master"
  digest = "1:1f62ed2c173c42c1edad2e94e127318ea11b0d28c62590c82a8d2d3cde189afe"
  name = "github.com/prometheus/procfs"
  packages = [
    ".",
    "internal/util",
    "nfs",
    "xfs",
  ]
  pruneopts = ""
  revision = "185b4288413d2a0dd0806f78c90dde719829e5ae"

[[projects]]
  branch = "master"
  digest = "1:bc5884d890d71ae56382665a93d792af3602dae40fa98778170e4795598a7264"
  name = "github.com/rcrowley/go-metrics"
  packages = ["."]
  pruneopts = ""
  revision = "3113b8401b8a98917cde58f8bbd42a1b1c03b1fd"

[[projects]]
  branch = "master"
  digest = "1:7fc2f428767a2521abc63f1a663d981f61610524275d6c0ea645defadd4e916f"
  name = "github.com/samuel/go-zookeeper"
  packages = ["zk"]
  pruneopts = ""
  revision = "c4fab1ac1bec58281ad0667dc3f0907a9476ac47"

[[projects]]
  digest = "1:9d57e200ef5ccc4217fe0a34287308bac652435e7c6513f6263e0493d2245c56"
  name = "github.com/sirupsen/logrus"
  packages = ["."]
  pruneopts = ""
  revision = "bcd833dfe83d3cebad139e4a29ed79cb2318bf95"
  version = "v1.2.0"

[[projects]]
  branch = "master"
  digest = "1:f7be435e0ca22e2cd62b2d2542081a231685837170a87a3662abb7cdf9f3f1cd"
  name = "golang.org/x/crypto"
  packages = [
    "md4",
    "pbkdf2",
    "ssh/terminal",
  ]
  pruneopts = ""
  revision = "3d3f9f413869b949e48070b5bc593aa22cc2b8f2"

[[projects]]
  branch = "master"
  digest = "1:5ee8059477435bc4ec344bfa2ba129566bd0bc8137d98af9ec9aa4ba8e5f1e4e"
  name = "golang.org/x/net"
  packages = [
    "internal/socks",
    "proxy",
  ]
  pruneopts = ""
  revision = "d3edc9973b7eb1fb302b0ff2c62357091cea9a30"

[[projects]]
  branch = "master"
  digest = "1:3f5c191d90f1cf365ff1f88e4b08eb766ee6ade1cb2e4efd7c316cf7e015ac17"
  name = "golang.org/x/sys"
  packages = [
    "unix",
    "windows",
    "windows/registry",
    "windows/svc/eventlog",
  ]
  pruneopts = ""
  revision = "66b7b1311ac80bbafcd2daeef9a5e6e2cd1e2399"

[[projects]]
  digest = "1:15d017551627c8bb091bde628215b2861bed128855343fdd570c62d08871f6e1"
  name = "gopkg.in/alecthomas/kingpin.v2"
  packages = ["."]
  pruneopts = ""
  revision = "947dcec5ba9c011838740e680966fd7087a71d0d"
  version = "v2.2.6"

[[projects]]
  digest = "1:4777ba481cc12866b89aafb0a67529e7ac48b9aea06a25f3737b2cf5a3ffda12"
  name = "gopkg.in/jcmturner/aescts.v1"
  packages = ["."]
  pruneopts = ""
  revision = "f6abebb3171c4c1b1fea279cb7c7325020a26290"
  version = "v1.0.1"

[[projects]]
  digest = "1:84c5b1392ef65ad1bb64da4b4d0beb2f204eefc769d6d96082347bb7057cb7b1"
  name = "gopkg.in/jcmturner/dnsutils.v1"
  packages = ["."]
  pruneopts = ""
  revision = "13eeb8d49ffb74d7a75784c35e4d900607a3943c"
  version = "v1.0.1"

[[projects]]
  digest = "1:75b95137454f306ccb36052ee6902730d746a64800ad56ed57f1e6d2c7b27784"
  name = "gopkg.in/jcmturner/gokrb5.v7"
  packages = [
    "asn1tools",
    "client",
    "config",
    "credentials",
    "crypto",
    "crypto/common",
    "crypto/etype",
    "crypto/rfc3961",
    "crypto/rfc3962",
    "crypto/rfc4757",
    "crypto/rfc8009",
    "gssapi",
    "iana",
    "iana/addrtype",
    "iana/adtype",
    "iana/asnAppTag",
    "iana/chksumtype",
    "iana/errorcode",
    "iana/etypeID",
    "iana/flags",
    "iana/keyusage",
    "iana/msgtype",
    "iana/nametype",
    "iana/patype",
    "kadmin",
    "keytab",
    "krberror",
    "messages",
    "pac",
    "types",
  ]
  pruneopts = ""
  revision = "0b0d9d762bbc834e1e14f3f39dcea984364e9d63"
  version = "v7.5.0"

[[projects]]
  digest = "1:f9956ccc103c6208cd50c71ee5191b6fdcc635972c12624ef949c9b20b2bb9d1"
  name = "gopkg.in/jcmturner/rpc.v1"
  packages = [
    "mstypes",
    "ndr",
  ]
  pruneopts = ""
  revision = "99a8ce2fbf8b8087b6ed12a37c61b10f04070043"
  version = "v1.1.0"

[solve-meta]
  analyzer-name = "dep"
  analyzer-version = 1
  input-imports = [
    "github.com/Shopify/sarama",
    "github.com/krallistic/kazoo-go",
    "github.com/prometheus/client_golang/prometheus",
    "github.com/prometheus/client_golang/prometheus/promhttp",
    "github.com/prometheus/common/log",
    "github.com/prometheus/common/version",
    "github.com/rcrowley/go-metrics",
    "gopkg.in/alecthomas/kingpin.v2",
  ]
  solver-name = "gps-cdcl"
  solver-version = 1
